
Microsoft Visual Studio Solution File, Format Version 12.00
# Visual Studio Version 17
VisualStudioVersion = 17.0.31903.59
MinimumVisualStudioVersion = 10.0.40219.1
Project("{2150E333-8FDC-42A3-9474-1A3956D46DE8}") = "src", "src", "{827E0CD3-B72D-47B6-A68D-7590B98EB39B}"
EndProject
Project("{FAE04EC0-301F-11D3-BF4B-00C04F79EFBC}") = "LocalCoop.Protocol", "src\LocalCoop.Protocol\LocalCoop.Protocol.csproj", "{A7B601B2-8AB8-463B-BF58-22ADD1C5C513}"
EndProject
Project("{FAE04EC0-301F-11D3-BF4B-00C04F79EFBC}") = "LocalCoop.Broker", "src\LocalCoop.Broker\LocalCoop.Broker.csproj", "{6220B7AA-90D3-4834-9039-D077264A0F64}"
EndProject
Project("{FAE04EC0-301F-11D3-BF4B-00C04F79EFBC}") = "LocalCoop.Broker.Cli", "src\LocalCoop.Broker.Cli\LocalCoop.Broker.Cli.csproj", "{FECF9F9A-CD38-422F-A9F1-EC8DAB93A96F}"
EndProject
Project("{FAE04EC0-301F-11D3-BF4B-00C04F79EFBC}") = "LocalCoop.Mod", "src\LocalCoop.Mod\LocalCoop.Mod.csproj", "{31645126-A032-4708-9236-532942D0B445}"
EndProject
Project("{FAE04EC0-301F-11D3-BF4B-00C04F79EFBC}") = "LocalCoop.Protocol.Tests", "tests\LocalCoop.Protocol.Tests\LocalCoop.Protocol.Tests.csproj", "{24DB9847-D822-4156-B0FC-23F8067F4333}"
EndProject
Project("{FAE04EC0-301F-11D3-BF4B-00C04F79EFBC}") = "LocalCoop.Broker.Tests", "tests\LocalCoop.Broker.Tests\LocalCoop.Broker.Tests.csproj", "{6C131C11-C44F-41D2-ADB1-69AF4BEDB163}"
EndProject
Project("{2150E333-8FDC-42A3-9474-1A3956D46DE8}") = "tools", "tools", "{07C2787E-EAC7-C090-1BA3-A61EC2A24D84}"
EndProject
Project("{FAE04EC0-301F-11D3-BF4B-00C04F79EFBC}") = "LocalCoop.MultiClientHarness", "tools\LocalCoop.MultiClientHarness\LocalCoop.MultiClientHarness.csproj", "{03290BC2-74B9-42E4-A8B9-FE929FFE781E}"
EndProject
Project("{FAE04EC0-301F-11D3-BF4B-00C04F79EFBC}") = "LocalCoop.MultiClientHarness.Tests", "tests\LocalCoop.MultiClientHarness.Tests\LocalCoop.MultiClientHarness.Tests.csproj", "{7C865FC5-3E4F-477D-96CE-1FCADF545914}"
EndProject
Project("{2150E333-8FDC-42A3-9474-1A3956D46DE8}") = "tests", "tests", "{0AB3BF05-4346-4AA6-1389-037BE0695223}"
EndProject
Project("{FAE04EC0-301F-11D3-BF4B-00C04F79EFBC}") = "LocalCoop.Mod.Tests", "tests\LocalCoop.Mod.Tests\LocalCoop.Mod.Tests.csproj", "{A54A2F72-B950-4C96-9265-5921901ED94C}"
EndProject
Global
	GlobalSection(SolutionConfigurationPlatforms) = preSolution
		Debug|Any CPU = Debug|Any CPU
		Debug|x64 = Debug|x64
		Debug|x86 = Debug|x86
		Release|Any CPU = Release|Any CPU
		Release|x64 = Release|x64
		Release|x86 = Release|x86
	EndGlobalSection
	GlobalSection(ProjectConfigurationPlatforms) = postSolution
		{A7B601B2-8AB8-463B-BF58-22ADD1C5C513}.Debug|Any CPU.ActiveCfg = Debug|Any CPU
		{A7B601B2-8AB8-463B-BF58-22ADD1C5C513}.Debug|Any CPU.Build.0 = Debug|Any CPU
		{A7B601B2-8AB8-463B-BF58-22ADD1C5C513}.Debug|x64.ActiveCfg = Debug|Any CPU
		{A7B601B2-8AB8-463B-BF58-22ADD1C5C513}.Debug|x64.Build.0 = Debug|Any CPU
		{A7B601B2-8AB8-463B-BF58-22ADD1C5C513}.Debug|x86.ActiveCfg = Debug|Any CPU
		{A7B601B2-8AB8-463B-BF58-22ADD1C5C513}.Debug|x86.Build.0 = Debug|Any CPU
		{A7B601B2-8AB8-463B-BF58-22ADD1C5C513}.Release|Any CPU.ActiveCfg = Release|Any CPU
		{A7B601B2-8AB8-463B-BF58-22ADD1C5C513}.Release|Any CPU.Build.0 = Release|Any CPU
		{A7B601B2-8AB8-463B-BF58-22ADD1C5C513}.Release|x64.ActiveCfg = Release|Any CPU
		{A7B601B2-8AB8-463B-BF58-22ADD1C5C513}.Release|x64.Build.0 = Release|Any CPU
		{A7B601B2-8AB8-463B-BF58-22ADD1C5C513}.Release|x86.ActiveCfg = Release|Any CPU
		{A7B601B2-8AB8-463B-BF58-22ADD1C5C513}.Release|x86.Build.0 = Release|Any CPU
		{6220B7AA-90D3-4834-9039-D077264A0F64}.Debug|Any CPU.ActiveCfg = Debug|Any CPU
		{6220B7AA-90D3-4834-9039-D077264A0F64}.Debug|Any CPU.Build.0 = Debug|Any CPU
		{6220B7AA-90D3-4834-9039-D077264A0F64}.Debug|x64.ActiveCfg = Debug|Any CPU
		{6220B7AA-90D3-4834-9039-D077264A0F64}.Debug|x64.Build.0 = Debug|Any CPU
		{6220B7AA-90D3-4834-9039-D077264A0F64}.Debug|x86.ActiveCfg = Debug|Any CPU
		{6220B7AA-90D3-4834-9039-D077264A0F64}.Debug|x86.Build.0 = Debug|Any CPU
		{6220B7AA-90D3-4834-9039-D077264A0F64}.Release|Any CPU.ActiveCfg = Release|Any CPU
		{6220B7AA-90D3-4834-9039-D077264A0F64}.Release|Any CPU.Build.0 = Release|Any CPU
		{6220B7AA-90D3-4834-9039-D077264A0F64}.Release|x64.ActiveCfg = Release|Any CPU
		{6220B7AA-90D3-4834-9039-D077264A0F64}.Release|x64.Build.0 = Release|Any CPU
		{6220B7AA-90D3-4834-9039-D077264A0F64}.Release|x86.ActiveCfg = Release|Any CPU
		{6220B7AA-90D3-4834-9039-D077264A0F64}.Release|x86.Build.0 = Release|Any CPU
		{FECF9F9A-CD38-422F-A9F1-EC8DAB93A96F}.Debug|Any CPU.ActiveCfg = Debug|Any CPU
		{FECF9F9A-CD38-422F-A9F1-EC8DAB93A96F}.Debug|Any CPU.Build.0 = Debug|Any CPU
		{FECF9F9A-CD38-422F-A9F1-EC8DAB93A96F}.Debug|x64.ActiveCfg = Debug|Any CPU
		{FECF9F9A-CD38-422F-A9F1-EC8DAB93A96F}.Debug|x64.Build.0 = Debug|Any CPU
		{FECF9F9A-CD38-422F-A9F1-EC8DAB93A96F}.Debug|x86.ActiveCfg = Debug|Any CPU
		{FECF9F9A-CD38-422F-A9F1-EC8DAB93A96F}.Debug|x86.Build.0 = Debug|Any CPU
		{FECF9F9A-CD38-422F-A9F1-EC8DAB93A96F}.Release|Any CPU.ActiveCfg = Release|Any CPU
		{FECF9F9A-CD38-422F-A9F1-EC8DAB93A96F}.Release|Any CPU.Build.0 = Release|Any CPU
		{FECF9F9A-CD38-422F-A9F1-EC8DAB93A96F}.Release|x64.ActiveCfg = Release|Any CPU
		{FECF9F9A-CD38-422F-A9F1-EC8DAB93A96F}.Release|x64.Build.0 = Release|Any CPU
		{FECF9F9A-CD38-422F-A9F1-EC8DAB93A96F}.Release|x86.ActiveCfg = Release|Any CPU
		{FECF9F9A-CD38-422F-A9F1-EC8DAB93A96F}.Release|x86.Build.0 = Release|Any CPU
		{31645126-A032-4708-9236-532942D0B445}.Debug|Any CPU.ActiveCfg = Debug|Any CPU
		{31645126-A032-4708-9236-532942D0B445}.Debug|Any CPU.Build.0 = Debug|Any CPU
		{31645126-A032-4708-9236-532942D0B445}.Debug|x64.ActiveCfg = Debug|Any CPU
		{31645126-A032-4708-9236-532942D0B445}.Debug|x64.Build.0 = Debug|Any CPU
		{31645126-A032-4708-9236-532942D0B445}.Debug|x86.ActiveCfg = Debug|Any CPU
		{31645126-A032-4708-9236-532942D0B445}.Debug|x86.Build.0 = Debug|Any CPU
		{31645126-A032-4708-9236-532942D0B445}.Release|Any CPU.ActiveCfg = Release|Any CPU
		{31645126-A032-4708-9236-532942D0B445}.Release|Any CPU.Build.0 = Release|Any CPU
		{31645126-A032-4708-9236-532942D0B445}.Release|x64.ActiveCfg = Release|Any CPU
		{31645126-A032-4708-9236-532942D0B445}.Release|x64.Build.0 = Release|Any CPU
		{31645126-A032-4708-9236-532942D0B445}.Release|x86.ActiveCfg = Release|Any CPU
		{31645126-A032-4708-9236-532942D0B445}.Release|x86.Build.0 = Release|Any CPU
		{24DB9847-D822-4156-B0FC-23F8067F4333}.Debug|Any CPU.ActiveCfg = Debug|Any CPU
		{24DB9847-D822-4156-B0FC-23F8067F4333}.Debug|Any CPU.Build.0 = Debug|Any CPU
		{24DB9847-D822-4156-B0FC-23F8067F4333}.Debug|x64.ActiveCfg = Debug|Any CPU
		{24DB9847-D822-4156-B0FC-23F8067F4333}.Debug|x64.Build.0 = Debug|Any CPU
		{24DB9847-D822-4156-B0FC-23F8067F4333}.Debug|x86.ActiveCfg = Debug|Any CPU
		{24DB9847-D822-4156-B0FC-23F8067F4333}.Debug|x86.Build.0 = Debug|Any CPU
		{24DB9847-D822-4156-B0FC-23F8067F4333}.Release|Any CPU.ActiveCfg = Release|Any CPU
		{24DB9847-D822-4156-B0FC-23F8067F4333}.Release|Any CPU.Build.0 = Release|Any CPU
		{24DB9847-D822-4156-B0FC-23F8067F4333}.Release|x64.ActiveCfg = Release|Any CPU
		{24DB9847-D822-4156-B0FC-23F8067F4333}.Release|x64.Build.0 = Release|Any CPU
		{24DB9847-D822-4156-B0FC-23F8067F4333}.Release|x86.ActiveCfg = Release|Any CPU
		{24DB9847-D822-4156-B0FC-23F8067F4333}.Release|x86.Build.0 = Release|Any CPU
		{6C131C11-C44F-41D2-ADB1-69AF4BEDB163}.Debug|Any CPU.ActiveCfg = Debug|Any CPU
		{6C131C11-C44F-41D2-ADB1-69AF4BEDB163}.Debug|Any CPU.Build.0 = Debug|Any CPU
		{6C131C11-C44F-41D2-ADB1-69AF4BEDB163}.Debug|x64.ActiveCfg = Debug|Any CPU
		{6C131C11-C44F-41D2-ADB1-69AF4BEDB163}.Debug|x64.Build.0 = Debug|Any CPU
		{6C131C11-C44F-41D2-ADB1-69AF4BEDB163}.Debug|x86.ActiveCfg = Debug|Any CPU
		{6C131C11-C44F-41D2-ADB1-69AF4BEDB163}.Debug|x86.Build.0 = Debug|Any CPU
		{6C131C11-C44F-41D2-ADB1-69AF4BEDB163}.Release|Any CPU.ActiveCfg = Release|Any CPU
		{6C131C11-C44F-41D2-ADB1-69AF4BEDB163}.Release|Any CPU.Build.0 = Release|Any CPU
		{6C131C11-C44F-41D2-ADB1-69AF4BEDB163}.Release|x64.ActiveCfg = Release|Any CPU
		{6C131C11-C44F-41D2-ADB1-69AF4BEDB163}.Release|x64.Build.0 = Release|Any CPU
		{6C131C11-C44F-41D2-ADB1-69AF4BEDB163}.Release|x86.ActiveCfg = Release|Any CPU
		{6C131C11-C44F-41D2-ADB1-69AF4BEDB163}.Release|x86.Build.0 = Release|Any CPU
		{03290BC2-74B9-42E4-A8B9-FE929FFE781E}.Debug|Any CPU.ActiveCfg = Debug|Any CPU
		{03290BC2-74B9-42E4-A8B9-FE929FFE781E}.Debug|Any CPU.Build.0 = Debug|Any CPU
		{03290BC2-74B9-42E4-A8B9-FE929FFE781E}.Debug|x64.ActiveCfg = Debug|Any CPU
		{03290BC2-74B9-42E4-A8B9-FE929FFE781E}.Debug|x64.Build.0 = Debug|Any CPU
		{03290BC2-74B9-42E4-A8B9-FE929FFE781E}.Debug|x86.ActiveCfg = Debug|Any CPU
		{03290BC2-74B9-42E4-A8B9-FE929FFE781E}.Debug|x86.Build.0 = Debug|Any CPU
		{03290BC2-74B9-42E4-A8B9-FE929FFE781E}.Release|Any CPU.ActiveCfg = Release|Any CPU
		{03290BC2-74B9-42E4-A8B9-FE929FFE781E}.Release|Any CPU.Build.0 = Release|Any CPU
		{03290BC2-74B9-42E4-A8B9-FE929FFE781E}.Release|x64.ActiveCfg = Release|Any CPU
		{03290BC2-74B9-42E4-A8B9-FE929FFE781E}.Release|x64.Build.0 = Release|Any CPU
		{03290BC2-74B9-42E4-A8B9-FE929FFE781E}.Release|x86.ActiveCfg = Release|Any CPU
		{03290BC2-74B9-42E4-A8B9-FE929FFE781E}.Release|x86.Build.0 = Release|Any CPU
		{7C865FC5-3E4F-477D-96CE-1FCADF545914}.Debug|Any CPU.ActiveCfg = Debug|Any CPU
		{7C865FC5-3E4F-477D-96CE-1FCADF545914}.Debug|Any CPU.Build.0 = Debug|Any CPU
		{7C865FC5-3E4F-477D-96CE-1FCADF545914}.Debug|x64.ActiveCfg = Debug|Any CPU
		{7C865FC5-3E4F-477D-96CE-1FCADF545914}.Debug|x64.Build.0 = Debug|Any CPU
		{7C865FC5-3E4F-477D-96CE-1FCADF545914}.Debug|x86.ActiveCfg = Debug|Any CPU
		{7C865FC5-3E4F-477D-96CE-1FCADF545914}.Debug|x86.Build.0 = Debug|Any CPU
		{7C865FC5-3E4F-477D-96CE-1FCADF545914}.Release|Any CPU.ActiveCfg = Release|Any CPU
		{7C865FC5-3E4F-477D-96CE-1FCADF545914}.Release|Any CPU.Build.0 = Release|Any CPU
		{7C865FC5-3E4F-477D-96CE-1FCADF545914}.Release|x64.ActiveCfg = Release|Any CPU
		{7C865FC5-3E4F-477D-96CE-1FCADF545914}.Release|x64.Build.0 = Release|Any CPU
		{7C865FC5-3E4F-477D-96CE-1FCADF545914}.Release|x86.ActiveCfg = Release|Any CPU
		{7C865FC5-3E4F-477D-96CE-1FCADF545914}.Release|x86.Build.0 = Release|Any CPU
		{A54A2F72-B950-4C96-9265-5921901ED94C}.Debug|Any CPU.ActiveCfg = Debug|Any CPU
		{A54A2F72-B950-4C96-9265-5921901ED94C}.Debug|Any CPU.Build.0 = Debug|Any CPU
		{A54A2F72-B950-4C96-9265-5921901ED94C}.Debug|x64.ActiveCfg = Debug|Any CPU
		{A54A2F72-B950-4C96-9265-5921901ED94C}.Debug|x64.Build.0 = Debug|Any CPU
		{A54A2F72-B950-4C96-9265-5921901ED94C}.Debug|x86.ActiveCfg = Debug|Any CPU
		{A54A2F72-B950-4C96-9265-5921901ED94C}.Debug|x86.Build.0 = Debug|Any CPU
		{A54A2F72-B950-4C96-9265-5921901ED94C}.Release|Any CPU.ActiveCfg = Release|Any CPU
		{A54A2F72-B950-4C96-9265-5921901ED94C}.Release|Any CPU.Build.0 = Release|Any CPU
		{A54A2F72-B950-4C96-9265-5921901ED94C}.Release|x64.ActiveCfg = Release|Any CPU
		{A54A2F72-B950-4C96-9265-5921901ED94C}.Release|x64.Build.0 = Release|Any CPU
		{A54A2F72-B950-4C96-9265-5921901ED94C}.Release|x86.ActiveCfg = Release|Any CPU
		{A54A2F72-B950-4C96-9265-5921901ED94C}.Release|x86.Build.0 = Release|Any CPU
	EndGlobalSection
	GlobalSection(SolutionProperties) = preSolution
		HideSolutionNode = FALSE
	EndGlobalSection
	GlobalSection(NestedProjects) = preSolution
		{A7B601B2-8AB8-463B-BF58-22ADD1C5C513} = {827E0CD3-B72D-47B6-A68D-7590B98EB39B}
		{6220B7AA-90D3-4834-9039-D077264A0F64} = {827E0CD3-B72D-47B6-A68D-7590B98EB39B}
		{FECF9F9A-CD38-422F-A9F1-EC8DAB93A96F} = {827E0CD3-B72D-47B6-A68D-7590B98EB39B}
		{31645126-A032-4708-9236-532942D0B445} = {827E0CD3-B72D-47B6-A68D-7590B98EB39B}
		{24DB9847-D822-4156-B0FC-23F8067F4333} = {827E0CD3-B72D-47B6-A68D-7590B98EB39B}
		{6C131C11-C44F-41D2-ADB1-69AF4BEDB163} = {827E0CD3-B72D-47B6-A68D-7590B98EB39B}
		{03290BC2-74B9-42E4-A8B9-FE929FFE781E} = {07C2787E-EAC7-C090-1BA3-A61EC2A24D84}
		{7C865FC5-3E4F-477D-96CE-1FCADF545914} = {07C2787E-EAC7-C090-1BA3-A61EC2A24D84}
		{A54A2F72-B950-4C96-9265-5921901ED94C} = {0AB3BF05-4346-4AA6-1389-037BE0695223}
	EndGlobalSection
EndGlobal
